
Microsoft Visual Studio Solution File, Format Version 12.00
# Visual Studio Version 16
VisualStudioVersion = 16.0.31025.194
MinimumVisualStudioVersion = 10.0.40219.1
Project("{9A19103F-16F7-4668-BE54-9A1E7A4F7556}") = "Core", "Core\Core.csproj", "{86911687-2937-4AEE-9E7F-01DE13955C14}"
EndProject
Project("{9A19103F-16F7-4668-BE54-9A1E7A4F7556}") = "Infrastructure", "Infrastructure\Infrastructure.csproj", "{D17C96B2-88E2-4ACE-9394-2762F0D734AD}"
EndProject
Project("{9A19103F-16F7-4668-BE54-9A1E7A4F7556}") = "BLL", "BLL\BLL.csproj", "{3B152D99-445B-4634-B188-B5AEEFC3ED27}"
EndProject
Project("{9A19103F-16F7-4668-BE54-9A1E7A4F7556}") = "WebApi", "WebApi\WebApi.csproj", "{412DFBD7-0233-44D8-9DD8-71C8B06EA484}"
EndProject
Global
	GlobalSection(SolutionConfigurationPlatforms) = preSolution
		Debug|Any CPU = Debug|Any CPU
		Release|Any CPU = Release|Any CPU
	EndGlobalSection
	GlobalSection(ProjectConfigurationPlatforms) = postSolution
		{86911687-2937-4AEE-9E7F-01DE13955C14}.Debug|Any CPU.ActiveCfg = Debug|Any CPU
		{86911687-2937-4AEE-9E7F-01DE13955C14}.Debug|Any CPU.Build.0 = Debug|Any CPU
		{86911687-2937-4AEE-9E7F-01DE13955C14}.Release|Any CPU.ActiveCfg = Release|Any CPU
		{86911687-2937-4AEE-9E7F-01DE13955C14}.Release|Any CPU.Build.0 = Release|Any CPU
		{D17C96B2-88E2-4ACE-9394-2762F0D734AD}.Debug|Any CPU.ActiveCfg = Debug|Any CPU
		{D17C96B2-88E2-4ACE-9394-2762F0D734AD}.Debug|Any CPU.Build.0 = Debug|Any CPU
		{D17C96B2-88E2-4ACE-9394-2762F0D734AD}.Release|Any CPU.ActiveCfg = Release|Any CPU
		{D17C96B2-88E2-4ACE-9394-2762F0D734AD}.Release|Any CPU.Build.0 = Release|Any CPU
		{3B152D99-445B-4634-B188-B5AEEFC3ED27}.Debug|Any CPU.ActiveCfg = Debug|Any CPU
		{3B152D99-445B-4634-B188-B5AEEFC3ED27}.Debug|Any CPU.Build.0 = Debug|Any CPU
		{3B152D99-445B-4634-B188-B5AEEFC3ED27}.Release|Any CPU.ActiveCfg = Release|Any CPU
		{3B152D99-445B-4634-B188-B5AEEFC3ED27}.Release|Any CPU.Build.0 = Release|Any CPU
		{412DFBD7-0233-44D8-9DD8-71C8B06EA484}.Debug|Any CPU.ActiveCfg = Debug|Any CPU
		{412DFBD7-0233-44D8-9DD8-71C8B06EA484}.Debug|Any CPU.Build.0 = Debug|Any CPU
		{412DFBD7-0233-44D8-9DD8-71C8B06EA484}.Release|Any CPU.ActiveCfg = Release|Any CPU
		{412DFBD7-0233-44D8-9DD8-71C8B06EA484}.Release|Any CPU.Build.0 = Release|Any CPU
	EndGlobalSection
	GlobalSection(SolutionProperties) = preSolution
		HideSolutionNode = FALSE
	EndGlobalSection
	GlobalSection(ExtensibilityGlobals) = postSolution
		SolutionGuid = {05D0B8AC-CA59-4FDB-86FB-81A0D54D3F54}
	EndGlobalSection
EndGlobal
